
Microsoft Visual Studio Solution File, Format Version 12.00
# Visual Studio Version 17
VisualStudioVersion = 17.13.35931.197 d17.13
MinimumVisualStudioVersion = 10.0.40219.1
Project("{FAE04EC0-301F-11D3-BF4B-00C04F79EFBC}") = "raktarProgram", "raktarProgram\raktarProgram.csproj", "{9C8FE0D1-2EAD-4B81-8849-84E2F72E06EE}"
EndProject
Global
	GlobalSection(SolutionConfigurationPlatforms) = preSolution
		Debug|Any CPU = Debug|Any CPU
		Release|Any CPU = Release|Any CPU
	EndGlobalSection
	GlobalSection(ProjectConfigurationPlatforms) = postSolution
		{9C8FE0D1-2EAD-4B81-8849-84E2F72E06EE}.Debug|Any CPU.ActiveCfg = Debug|Any CPU
		{9C8FE0D1-2EAD-4B81-8849-84E2F72E06EE}.Debug|Any CPU.Build.0 = Debug|Any CPU
		{9C8FE0D1-2EAD-4B81-8849-84E2F72E06EE}.Release|Any CPU.ActiveCfg = Release|Any CPU
		{9C8FE0D1-2EAD-4B81-8849-84E2F72E06EE}.Release|Any CPU.Build.0 = Release|Any CPU
	EndGlobalSection
	GlobalSection(SolutionProperties) = preSolution
		HideSolutionNode = FALSE
	EndGlobalSection
	GlobalSection(ExtensibilityGlobals) = postSolution
		SolutionGuid = {5F3F5724-59BD-4047-A542-B4278B21B183}
	EndGlobalSection
EndGlobal
